// !$*UTF8*$!
{
	archiveVersion = 1;
	classes = {
	};
	objectVersion = 55;
	objects = {

/* Begin PBXBuildFile section */
		13729403DCBB46D6F5BBDCCB /* Pods_LearningSuperApp.framework in Frameworks */ = {isa = PBXBuildFile; fileRef = 6FF28325D2E6327CC23E32FF /* Pods_LearningSuperApp.framework */; };
		4E93C3BE28891B3E00151262 /* PieViewController.swift in Sources */ = {isa = PBXBuildFile; fileRef = 4E93C3BD28891B3E00151262 /* PieViewController.swift */; };
		4E93C3C028891B4B00151262 /* LineViewController.swift in Sources */ = {isa = PBXBuildFile; fileRef = 4E93C3BF28891B4B00151262 /* LineViewController.swift */; };
		4E93C3C72890231B00151262 /* User.xcdatamodeld in Sources */ = {isa = PBXBuildFile; fileRef = 4E93C3C52890231B00151262 /* User.xcdatamodeld */; };
		4EF2597F2889102300A9BE26 /* AppDelegate.swift in Sources */ = {isa = PBXBuildFile; fileRef = 4EF2597E2889102300A9BE26 /* AppDelegate.swift */; };
		4EF259812889102300A9BE26 /* SceneDelegate.swift in Sources */ = {isa = PBXBuildFile; fileRef = 4EF259802889102300A9BE26 /* SceneDelegate.swift */; };
		4EF259832889102300A9BE26 /* BarViewController.swift in Sources */ = {isa = PBXBuildFile; fileRef = 4EF259822889102300A9BE26 /* BarViewController.swift */; };
		4EF259862889102300A9BE26 /* Main.storyboard in Resources */ = {isa = PBXBuildFile; fileRef = 4EF259842889102300A9BE26 /* Main.storyboard */; };
		4EF259882889102500A9BE26 /* Assets.xcassets in Resources */ = {isa = PBXBuildFile; fileRef = 4EF259872889102500A9BE26 /* Assets.xcassets */; };
		4EF2598B2889102500A9BE26 /* LaunchScreen.storyboard in Resources */ = {isa = PBXBuildFile; fileRef = 4EF259892889102500A9BE26 /* LaunchScreen.storyboard */; };
		4EF25993288912E200A9BE26 /* Profile.swift in Sources */ = {isa = PBXBuildFile; fileRef = 4EF25992288912E200A9BE26 /* Profile.swift */; };
/* End PBXBuildFile section */

/* Begin PBXFileReference section */
		14A2BA923DAD7ECA61917572 /* Pods-LearningSuperApp.release.xcconfig */ = {isa = PBXFileReference; includeInIndex = 1; lastKnownFileType = text.xcconfig; name = "Pods-LearningSuperApp.release.xcconfig"; path = "Target Support Files/Pods-LearningSuperApp/Pods-LearningSuperApp.release.xcconfig"; sourceTree = "<group>"; };
		4E93C3BD28891B3E00151262 /* PieViewController.swift */ = {isa = PBXFileReference; lastKnownFileType = sourcecode.swift; path = PieViewController.swift; sourceTree = "<group>"; };
		4E93C3BF28891B4B00151262 /* LineViewController.swift */ = {isa = PBXFileReference; lastKnownFileType = sourcecode.swift; path = LineViewController.swift; sourceTree = "<group>"; };
		4E93C3C62890231B00151262 /* User.xcdatamodel */ = {isa = PBXFileReference; lastKnownFileType = wrapper.xcdatamodel; path = User.xcdatamodel; sourceTree = "<group>"; };
		4EF2597B2889102300A9BE26 /* LearningSuperApp.app */ = {isa = PBXFileReference; explicitFileType = wrapper.application; includeInIndex = 0; path = LearningSuperApp.app; sourceTree = BUILT_PRODUCTS_DIR; };
		4EF2597E2889102300A9BE26 /* AppDelegate.swift */ = {isa = PBXFileReference; lastKnownFileType = sourcecode.swift; path = AppDelegate.swift; sourceTree = "<group>"; };
		4EF259802889102300A9BE26 /* SceneDelegate.swift */ = {isa = PBXFileReference; lastKnownFileType = sourcecode.swift; path = SceneDelegate.swift; sourceTree = "<group>"; };
		4EF259822889102300A9BE26 /* BarViewController.swift */ = {isa = PBXFileReference; lastKnownFileType = sourcecode.swift; path = BarViewController.swift; sourceTree = "<group>"; };
		4EF259852889102300A9BE26 /* Base */ = {isa = PBXFileReference; lastKnownFileType = file.storyboard; name = Base; path = Base.lproj/Main.storyboard; sourceTree = "<group>"; };
		4EF259872889102500A9BE26 /* Assets.xcassets */ = {isa = PBXFileReference; lastKnownFileType = folder.assetcatalog; path = Assets.xcassets; sourceTree = "<group>"; };
		4EF2598A2889102500A9BE26 /* Base */ = {isa = PBXFileReference; lastKnownFileType = file.storyboard; name = Base; path = Base.lproj/LaunchScreen.storyboard; sourceTree = "<group>"; };
		4EF2598C2889102500A9BE26 /* Info.plist */ = {isa = PBXFileReference; lastKnownFileType = text.plist.xml; path = Info.plist; sourceTree = "<group>"; };
		4EF25992288912E200A9BE26 /* Profile.swift */ = {isa = PBXFileReference; lastKnownFileType = sourcecode.swift; path = Profile.swift; sourceTree = "<group>"; };
		6FF28325D2E6327CC23E32FF /* Pods_LearningSuperApp.framework */ = {isa = PBXFileReference; explicitFileType = wrapper.framework; includeInIndex = 0; path = Pods_LearningSuperApp.framework; sourceTree = BUILT_PRODUCTS_DIR; };
		E5D16A9FEFDAC09A1189E5E4 /* Pods-LearningSuperApp.debug.xcconfig */ = {isa = PBXFileReference; includeInIndex = 1; lastKnownFileType = text.xcconfig; name = "Pods-LearningSuperApp.debug.xcconfig"; path = "Target Support Files/Pods-LearningSuperApp/Pods-LearningSuperApp.debug.xcconfig"; sourceTree = "<group>"; };
/* End PBXFileReference section */

/* Begin PBXFrameworksBuildPhase section */
		4EF259782889102300A9BE26 /* Frameworks */ = {
			isa = PBXFrameworksBuildPhase;
			buildActionMask = 2147483647;
			files = (
				13729403DCBB46D6F5BBDCCB /* Pods_LearningSuperApp.framework in Frameworks */,
			);
			runOnlyForDeploymentPostprocessing = 0;
		};
/* End PBXFrameworksBuildPhase section */

/* Begin PBXGroup section */
		0D9E3D5975F7AE75A61B70B3 /* Pods */ = {
			isa = PBXGroup;
			children = (
				E5D16A9FEFDAC09A1189E5E4 /* Pods-LearningSuperApp.debug.xcconfig */,
				14A2BA923DAD7ECA61917572 /* Pods-LearningSuperApp.release.xcconfig */,
			);
			path = Pods;
			sourceTree = "<group>";
		};
		4E93C3C2288922DF00151262 /* View */ = {
			isa = PBXGroup;
			children = (
				4EF259892889102500A9BE26 /* LaunchScreen.storyboard */,
				4EF259842889102300A9BE26 /* Main.storyboard */,
				4EF25992288912E200A9BE26 /* Profile.swift */,
				4E93C3C52890231B00151262 /* User.xcdatamodeld */,
			);
			path = View;
			sourceTree = "<group>";
		};
		4E93C3C3288922E800151262 /* Controller */ = {
			isa = PBXGroup;
			children = (
				4EF259822889102300A9BE26 /* BarViewController.swift */,
				4E93C3BF28891B4B00151262 /* LineViewController.swift */,
				4E93C3BD28891B3E00151262 /* PieViewController.swift */,
			);
			path = Controller;
			sourceTree = "<group>";
		};
		4E93C3C4288922F300151262 /* Delegate */ = {
			isa = PBXGroup;
			children = (
				4EF2597E2889102300A9BE26 /* AppDelegate.swift */,
				4EF259802889102300A9BE26 /* SceneDelegate.swift */,
			);
			path = Delegate;
			sourceTree = "<group>";
		};
		4EF259722889102300A9BE26 = {
			isa = PBXGroup;
			children = (
				4EF2597D2889102300A9BE26 /* LearningSuperApp */,
				4EF2597C2889102300A9BE26 /* Products */,
				0D9E3D5975F7AE75A61B70B3 /* Pods */,
				BE05869DB70DDDE72AA21F6D /* Frameworks */,
			);
			sourceTree = "<group>";
		};
		4EF2597C2889102300A9BE26 /* Products */ = {
			isa = PBXGroup;
			children = (
				4EF2597B2889102300A9BE26 /* LearningSuperApp.app */,
			);
			name = Products;
			sourceTree = "<group>";
		};
		4EF2597D2889102300A9BE26 /* LearningSuperApp */ = {
			isa = PBXGroup;
			children = (
				4E93C3C4288922F300151262 /* Delegate */,
				4E93C3C2288922DF00151262 /* View */,
				4E93C3C3288922E800151262 /* Controller */,
				4EF259872889102500A9BE26 /* Assets.xcassets */,
				4EF2598C2889102500A9BE26 /* Info.plist */,
			);
			path = LearningSuperApp;
			sourceTree = "<group>";
		};
		BE05869DB70DDDE72AA21F6D /* Frameworks */ = {
			isa = PBXGroup;
			children = (
				6FF28325D2E6327CC23E32FF /* Pods_LearningSuperApp.framework */,
			);
			name = Frameworks;
			sourceTree = "<group>";
		};
/* End PBXGroup section */

/* Begin PBXNativeTarget section */
		4EF2597A2889102300A9BE26 /* LearningSuperApp */ = {
			isa = PBXNativeTarget;
			buildConfigurationList = 4EF2598F2889102500A9BE26 /* Build configuration list for PBXNativeTarget "LearningSuperApp" */;
			buildPhases = (
				EB39ADBBD6F7FE8812CE88BA /* [CP] Check Pods Manifest.lock */,
				4EF259772889102300A9BE26 /* Sources */,
				4EF259782889102300A9BE26 /* Frameworks */,
				4EF259792889102300A9BE26 /* Resources */,
				99288A2BBEA2CF62C011EAC9 /* [CP] Embed Pods Frameworks */,
			);
			buildRules = (
			);
			dependencies = (
			);
			name = LearningSuperApp;
			productName = LearningSuperApp;
			productReference = 4EF2597B2889102300A9BE26 /* LearningSuperApp.app */;
			productType = "com.apple.product-type.application";
		};
/* End PBXNativeTarget section */

/* Begin PBXProject section */
		4EF259732889102300A9BE26 /* Project object */ = {
			isa = PBXProject;
			attributes = {
				BuildIndependentTargetsInParallel = 1;
				LastSwiftUpdateCheck = 1340;
				LastUpgradeCheck = 1340;
				TargetAttributes = {
					4EF2597A2889102300A9BE26 = {
						CreatedOnToolsVersion = 13.4.1;
					};
				};
			};
			buildConfigurationList = 4EF259762889102300A9BE26 /* Build configuration list for PBXProject "LearningSuperApp" */;
			compatibilityVersion = "Xcode 13.0";
			developmentRegion = en;
			hasScannedForEncodings = 0;
			knownRegions = (
				en,
				Base,
			);
			mainGroup = 4EF259722889102300A9BE26;
			productRefGroup = 4EF2597C2889102300A9BE26 /* Products */;
			projectDirPath = "";
			projectRoot = "";
			targets = (
				4EF2597A2889102300A9BE26 /* LearningSuperApp */,
			);
		};
/* End PBXProject section */

/* Begin PBXResourcesBuildPhase section */
		4EF259792889102300A9BE26 /* Resources */ = {
			isa = PBXResourcesBuildPhase;
			buildActionMask = 2147483647;
			files = (
				4EF2598B2889102500A9BE26 /* LaunchScreen.storyboard in Resources */,
				4EF259882889102500A9BE26 /* Assets.xcassets in Resources */,
				4EF259862889102300A9BE26 /* Main.storyboard in Resources */,
			);
			runOnlyForDeploymentPostprocessing = 0;
		};
/* End PBXResourcesBuildPhase section */

/* Begin PBXShellScriptBuildPhase section */
		99288A2BBEA2CF62C011EAC9 /* [CP] Embed Pods Frameworks */ = {
			isa = PBXShellScriptBuildPhase;
			buildActionMask = 2147483647;
			files = (
			);
			inputFileListPaths = (
				"${PODS_ROOT}/Target Support Files/Pods-LearningSuperApp/Pods-LearningSuperApp-frameworks-${CONFIGURATION}-input-files.xcfilelist",
			);
			name = "[CP] Embed Pods Frameworks";
			outputFileListPaths = (
				"${PODS_ROOT}/Target Support Files/Pods-LearningSuperApp/Pods-LearningSuperApp-frameworks-${CONFIGURATION}-output-files.xcfilelist",
			);
			runOnlyForDeploymentPostprocessing = 0;
			shellPath = /bin/sh;
			shellScript = "\"${PODS_ROOT}/Target Support Files/Pods-LearningSuperApp/Pods-LearningSuperApp-frameworks.sh\"\n";
			showEnvVarsInLog = 0;
		};
		EB39ADBBD6F7FE8812CE88BA /* [CP] Check Pods Manifest.lock */ = {
			isa = PBXShellScriptBuildPhase;
			buildActionMask = 2147483647;
			files = (
			);
			inputFileListPaths = (
			);
			inputPaths = (
				"${PODS_PODFILE_DIR_PATH}/Podfile.lock",
				"${PODS_ROOT}/Manifest.lock",
			);
			name = "[CP] Check Pods Manifest.lock";
			outputFileListPaths = (
			);
			outputPaths = (
				"$(DERIVED_FILE_DIR)/Pods-LearningSuperApp-checkManifestLockResult.txt",
			);
			runOnlyForDeploymentPostprocessing = 0;
			shellPath = /bin/sh;
			shellScript = "diff \"${PODS_PODFILE_DIR_PATH}/Podfile.lock\" \"${PODS_ROOT}/Manifest.lock\" > /dev/null\nif [ $? != 0 ] ; then\n    # print error to STDERR\n    echo \"error: The sandbox is not in sync with the Podfile.lock. Run 'pod install' or update your CocoaPods installation.\" >&2\n    exit 1\nfi\n# This output is used by Xcode 'outputs' to avoid re-running this script phase.\necho \"SUCCESS\" > \"${SCRIPT_OUTPUT_FILE_0}\"\n";
			showEnvVarsInLog = 0;
		};
/* End PBXShellScriptBuildPhase section */

/* Begin PBXSourcesBuildPhase section */
		4EF259772889102300A9BE26 /* Sources */ = {
			isa = PBXSourcesBuildPhase;
			buildActionMask = 2147483647;
			files = (
				4EF259832889102300A9BE26 /* BarViewController.swift in Sources */,
				4EF2597F2889102300A9BE26 /* AppDelegate.swift in Sources */,
				4E93C3C028891B4B00151262 /* LineViewController.swift in Sources */,
				4EF259812889102300A9BE26 /* SceneDelegate.swift in Sources */,
				4E93C3C72890231B00151262 /* User.xcdatamodeld in Sources */,
				4E93C3BE28891B3E00151262 /* PieViewController.swift in Sources */,
				4EF25993288912E200A9BE26 /* Profile.swift in Sources */,
			);
			runOnlyForDeploymentPostprocessing = 0;
		};
/* End PBXSourcesBuildPhase section */

/* Begin PBXVariantGroup section */
		4EF259842889102300A9BE26 /* Main.storyboard */ = {
			isa = PBXVariantGroup;
			children = (
				4EF259852889102300A9BE26 /* Base */,
			);
			name = Main.storyboard;
			sourceTree = "<group>";
		};
		4EF259892889102500A9BE26 /* LaunchScreen.storyboard */ = {
			isa = PBXVariantGroup;
			children = (
				4EF2598A2889102500A9BE26 /* Base */,
			);
			name = LaunchScreen.storyboard;
			sourceTree = "<group>";
		};
/* End PBXVariantGroup section */

/* Begin XCBuildConfiguration section */
		4EF2598D2889102500A9BE26 /* Debug */ = {
			isa = XCBuildConfiguration;
			buildSettings = {
				ALWAYS_SEARCH_USER_PATHS = NO;
				CLANG_ANALYZER_NONNULL = YES;
				CLANG_ANALYZER_NUMBER_OBJECT_CONVERSION = YES_AGGRESSIVE;
				CLANG_CXX_LANGUAGE_STANDARD = "gnu++17";
				CLANG_ENABLE_MODULES = YES;
				CLANG_ENABLE_OBJC_ARC = YES;
				CLANG_ENABLE_OBJC_WEAK = YES;
				CLANG_WARN_BLOCK_CAPTURE_AUTORELEASING = YES;
				CLANG_WARN_BOOL_CONVERSION = YES;
				CLANG_WARN_COMMA = YES;
				CLANG_WARN_CONSTANT_CONVERSION = YES;
				CLANG_WARN_DEPRECATED_OBJC_IMPLEMENTATIONS = YES;
				CLANG_WARN_DIRECT_OBJC_ISA_USAGE = YES_ERROR;
				CLANG_WARN_DOCUMENTATION_COMMENTS = YES;
				CLANG_WARN_EMPTY_BODY = YES;
				CLANG_WARN_ENUM_CONVERSION = YES;
				CLANG_WARN_INFINITE_RECURSION = YES;
				CLANG_WARN_INT_CONVERSION = YES;
				CLANG_WARN_NON_LITERAL_NULL_CONVERSION = YES;
				CLANG_WARN_OBJC_IMPLICIT_RETAIN_SELF = YES;
				CLANG_WARN_OBJC_LITERAL_CONVERSION = YES;
				CLANG_WARN_OBJC_ROOT_CLASS = YES_ERROR;
				CLANG_WARN_QUOTED_INCLUDE_IN_FRAMEWORK_HEADER = YES;
				CLANG_WARN_RANGE_LOOP_ANALYSIS = YES;
				CLANG_WARN_STRICT_PROTOTYPES = YES;
				CLANG_WARN_SUSPICIOUS_MOVE = YES;
				CLANG_WARN_UNGUARDED_AVAILABILITY = YES_AGGRESSIVE;
				CLANG_WARN_UNREACHABLE_CODE = YES;
				CLANG_WARN__DUPLICATE_METHOD_MATCH = YES;
				COPY_PHASE_STRIP = NO;
				DEBUG_INFORMATION_FORMAT = dwarf;
				ENABLE_STRICT_OBJC_MSGSEND = YES;
				ENABLE_TESTABILITY = YES;
				GCC_C_LANGUAGE_STANDARD = gnu11;
				GCC_DYNAMIC_NO_PIC = NO;
				GCC_NO_COMMON_BLOCKS = YES;
				GCC_OPTIMIZATION_LEVEL = 0;
				GCC_PREPROCESSOR_DEFINITIONS = (
					"DEBUG=1",
					"$(inherited)",
				);
				GCC_WARN_64_TO_32_BIT_CONVERSION = YES;
				GCC_WARN_ABOUT_RETURN_TYPE = YES_ERROR;
				GCC_WARN_UNDECLARED_SELECTOR = YES;
				GCC_WARN_UNINITIALIZED_AUTOS = YES_AGGRESSIVE;
				GCC_WARN_UNUSED_FUNCTION = YES;
				GCC_WARN_UNUSED_VARIABLE = YES;
				IPHONEOS_DEPLOYMENT_TARGET = 15.5;
				MTL_ENABLE_DEBUG_INFO = INCLUDE_SOURCE;
				MTL_FAST_MATH = YES;
				ONLY_ACTIVE_ARCH = YES;
				SDKROOT = iphoneos;
				SWIFT_ACTIVE_COMPILATION_CONDITIONS = DEBUG;
				SWIFT_OPTIMIZATION_LEVEL = "-Onone";
			};
			name = Debug;
		};
		4EF2598E2889102500A9BE26 /* Release */ = {
			isa = XCBuildConfiguration;
			buildSettings = {
				ALWAYS_SEARCH_USER_PATHS = NO;
				CLANG_ANALYZER_NONNULL = YES;
				CLANG_ANALYZER_NUMBER_OBJECT_CONVERSION = YES_AGGRESSIVE;
				CLANG_CXX_LANGUAGE_STANDARD = "gnu++17";
				CLANG_ENABLE_MODULES = YES;
				CLANG_ENABLE_OBJC_ARC = YES;
				CLANG_ENABLE_OBJC_WEAK = YES;
				CLANG_WARN_BLOCK_CAPTURE_AUTORELEASING = YES;
				CLANG_WARN_BOOL_CONVERSION = YES;
				CLANG_WARN_COMMA = YES;
				CLANG_WARN_CONSTANT_CONVERSION = YES;
				CLANG_WARN_DEPRECATED_OBJC_IMPLEMENTATIONS = YES;
				CLANG_WARN_DIRECT_OBJC_ISA_USAGE = YES_ERROR;
				CLANG_WARN_DOCUMENTATION_COMMENTS = YES;
				CLANG_WARN_EMPTY_BODY = YES;
				CLANG_WARN_ENUM_CONVERSION = YES;
				CLANG_WARN_INFINITE_RECURSION = YES;
				CLANG_WARN_INT_CONVERSION = YES;
				CLANG_WARN_NON_LITERAL_NULL_CONVERSION = YES;
				CLANG_WARN_OBJC_IMPLICIT_RETAIN_SELF = YES;
				CLANG_WARN_OBJC_LITERAL_CONVERSION = YES;
				CLANG_WARN_OBJC_ROOT_CLASS = YES_ERROR;
				CLANG_WARN_QUOTED_INCLUDE_IN_FRAMEWORK_HEADER = YES;
				CLANG_WARN_RANGE_LOOP_ANALYSIS = YES;
				CLANG_WARN_STRICT_PROTOTYPES = YES;
				CLANG_WARN_SUSPICIOUS_MOVE = YES;
				CLANG_WARN_UNGUARDED_AVAILABILITY = YES_AGGRESSIVE;
				CLANG_WARN_UNREACHABLE_CODE = YES;
				CLANG_WARN__DUPLICATE_METHOD_MATCH = YES;
				COPY_PHASE_STRIP = NO;
				DEBUG_INFORMATION_FORMAT = "dwarf-with-dsym";
				ENABLE_NS_ASSERTIONS = NO;
				ENABLE_STRICT_OBJC_MSGSEND = YES;
				GCC_C_LANGUAGE_STANDARD = gnu11;
				GCC_NO_COMMON_BLOCKS = YES;
				GCC_WARN_64_TO_32_BIT_CONVERSION = YES;
				GCC_WARN_ABOUT_RETURN_TYPE = YES_ERROR;
				GCC_WARN_UNDECLARED_SELECTOR = YES;
				GCC_WARN_UNINITIALIZED_AUTOS = YES_AGGRESSIVE;
				GCC_WARN_UNUSED_FUNCTION = YES;
				GCC_WARN_UNUSED_VARIABLE = YES;
				IPHONEOS_DEPLOYMENT_TARGET = 15.5;
				MTL_ENABLE_DEBUG_INFO = NO;
				MTL_FAST_MATH = YES;
				SDKROOT = iphoneos;
				SWIFT_COMPILATION_MODE = wholemodule;
				SWIFT_OPTIMIZATION_LEVEL = "-O";
				VALIDATE_PRODUCT = YES;
			};
			name = Release;
		};
		4EF259902889102500A9BE26 /* Debug */ = {
			isa = XCBuildConfiguration;
			baseConfigurationReference = E5D16A9FEFDAC09A1189E5E4 /* Pods-LearningSuperApp.debug.xcconfig */;
			buildSettings = {
				ASSETCATALOG_COMPILER_APPICON_NAME = AppIcon;
				ASSETCATALOG_COMPILER_GLOBAL_ACCENT_COLOR_NAME = AccentColor;
				CODE_SIGN_STYLE = Automatic;
				CURRENT_PROJECT_VERSION = 1;
				DEVELOPMENT_TEAM = JSB449F8V6;
				GENERATE_INFOPLIST_FILE = YES;
				INFOPLIST_FILE = LearningSuperApp/Info.plist;
				INFOPLIST_KEY_UIApplicationSupportsIndirectInputEvents = YES;
				INFOPLIST_KEY_UILaunchStoryboardName = LaunchScreen;
				INFOPLIST_KEY_UIMainStoryboardFile = Main;
				INFOPLIST_KEY_UISupportedInterfaceOrientations_iPad = "UIInterfaceOrientationPortrait UIInterfaceOrientationPortraitUpsideDown UIInterfaceOrientationLandscapeLeft UIInterfaceOrientationLandscapeRight";
				INFOPLIST_KEY_UISupportedInterfaceOrientations_iPhone = "UIInterfaceOrientationPortrait UIInterfaceOrientationLandscapeLeft UIInterfaceOrientationLandscapeRight";
				LD_RUNPATH_SEARCH_PATHS = (
					"$(inherited)",
					"@executable_path/Frameworks",
				);
				MARKETING_VERSION = 1.0;
				PRODUCT_BUNDLE_IDENTIFIER = id.khoirunnisa.LearningSuperApp;
				PRODUCT_NAME = "$(TARGET_NAME)";
				SWIFT_EMIT_LOC_STRINGS = YES;
				SWIFT_VERSION = 5.0;
				TARGETED_DEVICE_FAMILY = "1,2";
			};
			name = Debug;
		};
		4EF259912889102500A9BE26 /* Release */ = {
			isa = XCBuildConfiguration;
			baseConfigurationReference = 14A2BA923DAD7ECA61917572 /* Pods-LearningSuperApp.release.xcconfig */;
			buildSettings = {
				ASSETCATALOG_COMPILER_APPICON_NAME = AppIcon;
				ASSETCATALOG_COMPILER_GLOBAL_ACCENT_COLOR_NAME = AccentColor;
				CODE_SIGN_STYLE = Automatic;
				CURRENT_PROJECT_VERSION = 1;
				DEVELOPMENT_TEAM = JSB449F8V6;
				GENERATE_INFOPLIST_FILE = YES;
				INFOPLIST_FILE = LearningSuperApp/Info.plist;
				INFOPLIST_KEY_UIApplicationSupportsIndirectInputEvents = YES;
				INFOPLIST_KEY_UILaunchStoryboardName = LaunchScreen;
				INFOPLIST_KEY_UIMainStoryboardFile = Main;
				INFOPLIST_KEY_UISupportedInterfaceOrientations_iPad = "UIInterfaceOrientationPortrait UIInterfaceOrientationPortraitUpsideDown UIInterfaceOrientationLandscapeLeft UIInterfaceOrientationLandscapeRight";
				INFOPLIST_KEY_UISupportedInterfaceOrientations_iPhone = "UIInterfaceOrientationPortrait UIInterfaceOrientationLandscapeLeft UIInterfaceOrientationLandscapeRight";
				LD_RUNPATH_SEARCH_PATHS = (
					"$(inherited)",
					"@executable_path/Frameworks",
				);
				MARKETING_VERSION = 1.0;
				PRODUCT_BUNDLE_IDENTIFIER = id.khoirunnisa.LearningSuperApp;
				PRODUCT_NAME = "$(TARGET_NAME)";
				SWIFT_EMIT_LOC_STRINGS = YES;
				SWIFT_VERSION = 5.0;
				TARGETED_DEVICE_FAMILY = "1,2";
			};
			name = Release;
		};
/* End XCBuildConfiguration section */

/* Begin XCConfigurationList section */
		4EF259762889102300A9BE26 /* Build configuration list for PBXProject "LearningSuperApp" */ = {
			isa = XCConfigurationList;
			buildConfigurations = (
				4EF2598D2889102500A9BE26 /* Debug */,
				4EF2598E2889102500A9BE26 /* Release */,
			);
			defaultConfigurationIsVisible = 0;
			defaultConfigurationName = Release;
		};
		4EF2598F2889102500A9BE26 /* Build configuration list for PBXNativeTarget "LearningSuperApp" */ = {
			isa = XCConfigurationList;
			buildConfigurations = (
				4EF259902889102500A9BE26 /* Debug */,
				4EF259912889102500A9BE26 /* Release */,
			);
			defaultConfigurationIsVisible = 0;
			defaultConfigurationName = Release;
		};
/* End XCConfigurationList section */

/* Begin XCVersionGroup section */
		4E93C3C52890231B00151262 /* User.xcdatamodeld */ = {
			isa = XCVersionGroup;
			children = (
				4E93C3C62890231B00151262 /* User.xcdatamodel */,
			);
			currentVersion = 4E93C3C62890231B00151262 /* User.xcdatamodel */;
			path = User.xcdatamodeld;
			sourceTree = "<group>";
			versionGroupType = wrapper.xcdatamodel;
		};
/* End XCVersionGroup section */
	};
	rootObject = 4EF259732889102300A9BE26 /* Project object */;
}
